
Microsoft Visual Studio Solution File, Format Version 12.00
# Visual Studio 15
VisualStudioVersion = 15.0.27130.2024
MinimumVisualStudioVersion = 10.0.40219.1
Project("{FAE04EC0-301F-11D3-BF4B-00C04F79EFBC}") = "NETMP.Module9.StyleCop", "NETMP.Module9.StyleCop\NETMP.Module9.StyleCop.csproj", "{0696B91B-3247-413F-9218-66D6926DA9D9}"
EndProject
Project("{FAE04EC0-301F-11D3-BF4B-00C04F79EFBC}") = "NETMP.Module9.Nuget", "NETMP.Module9.Nuget\NETMP.Module9.Nuget.csproj", "{7645F135-2C5F-4A47-B41D-1D940875EFE7}"
EndProject
Global
	GlobalSection(SolutionConfigurationPlatforms) = preSolution
		Debug|Any CPU = Debug|Any CPU
		Release|Any CPU = Release|Any CPU
	EndGlobalSection
	GlobalSection(ProjectConfigurationPlatforms) = postSolution
		{0696B91B-3247-413F-9218-66D6926DA9D9}.Debug|Any CPU.ActiveCfg = Debug|Any CPU
		{0696B91B-3247-413F-9218-66D6926DA9D9}.Debug|Any CPU.Build.0 = Debug|Any CPU
		{0696B91B-3247-413F-9218-66D6926DA9D9}.Release|Any CPU.ActiveCfg = Release|Any CPU
		{0696B91B-3247-413F-9218-66D6926DA9D9}.Release|Any CPU.Build.0 = Release|Any CPU
		{7645F135-2C5F-4A47-B41D-1D940875EFE7}.Debug|Any CPU.ActiveCfg = Debug|Any CPU
		{7645F135-2C5F-4A47-B41D-1D940875EFE7}.Debug|Any CPU.Build.0 = Debug|Any CPU
		{7645F135-2C5F-4A47-B41D-1D940875EFE7}.Release|Any CPU.ActiveCfg = Release|Any CPU
		{7645F135-2C5F-4A47-B41D-1D940875EFE7}.Release|Any CPU.Build.0 = Release|Any CPU
	EndGlobalSection
	GlobalSection(SolutionProperties) = preSolution
		HideSolutionNode = FALSE
	EndGlobalSection
	GlobalSection(ExtensibilityGlobals) = postSolution
		SolutionGuid = {52C7C34A-3606-4A52-B499-33F64D91F76E}
	EndGlobalSection
EndGlobal
